
Microsoft Visual Studio Solution File, Format Version 12.00
# Visual Studio Version 16
VisualStudioVersion = 16.0.30128.74
MinimumVisualStudioVersion = 10.0.40219.1
Project("{9A19103F-16F7-4668-BE54-9A1E7A4F7556}") = "Rin", "src\Rin\Rin.csproj", "{B9CDC00F-4AED-49D5-B4DC-6520FAF371CB}"
EndProject
Project("{9A19103F-16F7-4668-BE54-9A1E7A4F7556}") = "HelloRin", "samples\HelloRin\HelloRin.csproj", "{921C0263-C56A-4332-897C-2107D0E0DDF2}"
EndProject
Project("{2150E333-8FDC-42A3-9474-1A3956D46DE8}") = "Samples", "Samples", "{B82C9F89-AD8F-473B-AA41-3061CD0FE9DF}"
EndProject
Project("{9A19103F-16F7-4668-BE54-9A1E7A4F7556}") = "Rin.Mvc", "src\Rin.Mvc\Rin.Mvc.csproj", "{BDFF983D-4A01-4F65-BA97-45DB18B124D2}"
EndProject
Project("{9A19103F-16F7-4668-BE54-9A1E7A4F7556}") = "Rin.Log4NetAppender", "src\Rin.Log4NetAppender\Rin.Log4NetAppender.csproj", "{20890D4F-9D03-4663-ACCE-D4404E8A8AF6}"
EndProject
Project("{9A19103F-16F7-4668-BE54-9A1E7A4F7556}") = "Rin.Storage.Redis", "src\Rin.Storage.Redis\Rin.Storage.Redis.csproj", "{306BC2D2-ACB8-4F60-9D03-6EAAAD6CF8F0}"
EndProject
Project("{2150E333-8FDC-42A3-9474-1A3956D46DE8}") = "Solution Items", "Solution Items", "{FFF7EB81-6AC3-4509-ACB5-502DECFAE084}"
	ProjectSection(SolutionItems) = preProject
		.github\workflows\build.yml = .github\workflows\build.yml
		Directory.Build.props = Directory.Build.props
	EndProjectSection
EndProject
Global
	GlobalSection(SolutionConfigurationPlatforms) = preSolution
		Debug|Any CPU = Debug|Any CPU
		Release|Any CPU = Release|Any CPU
	EndGlobalSection
	GlobalSection(ProjectConfigurationPlatforms) = postSolution
		{B9CDC00F-4AED-49D5-B4DC-6520FAF371CB}.Debug|Any CPU.ActiveCfg = Debug|Any CPU
		{B9CDC00F-4AED-49D5-B4DC-6520FAF371CB}.Debug|Any CPU.Build.0 = Debug|Any CPU
		{B9CDC00F-4AED-49D5-B4DC-6520FAF371CB}.Release|Any CPU.ActiveCfg = Release|Any CPU
		{B9CDC00F-4AED-49D5-B4DC-6520FAF371CB}.Release|Any CPU.Build.0 = Release|Any CPU
		{921C0263-C56A-4332-897C-2107D0E0DDF2}.Debug|Any CPU.ActiveCfg = Debug|Any CPU
		{921C0263-C56A-4332-897C-2107D0E0DDF2}.Debug|Any CPU.Build.0 = Debug|Any CPU
		{921C0263-C56A-4332-897C-2107D0E0DDF2}.Release|Any CPU.ActiveCfg = Release|Any CPU
		{921C0263-C56A-4332-897C-2107D0E0DDF2}.Release|Any CPU.Build.0 = Release|Any CPU
		{BDFF983D-4A01-4F65-BA97-45DB18B124D2}.Debug|Any CPU.ActiveCfg = Debug|Any CPU
		{BDFF983D-4A01-4F65-BA97-45DB18B124D2}.Debug|Any CPU.Build.0 = Debug|Any CPU
		{BDFF983D-4A01-4F65-BA97-45DB18B124D2}.Release|Any CPU.ActiveCfg = Release|Any CPU
		{BDFF983D-4A01-4F65-BA97-45DB18B124D2}.Release|Any CPU.Build.0 = Release|Any CPU
		{20890D4F-9D03-4663-ACCE-D4404E8A8AF6}.Debug|Any CPU.ActiveCfg = Debug|Any CPU
		{20890D4F-9D03-4663-ACCE-D4404E8A8AF6}.Debug|Any CPU.Build.0 = Debug|Any CPU
		{20890D4F-9D03-4663-ACCE-D4404E8A8AF6}.Release|Any CPU.ActiveCfg = Release|Any CPU
		{20890D4F-9D03-4663-ACCE-D4404E8A8AF6}.Release|Any CPU.Build.0 = Release|Any CPU
		{306BC2D2-ACB8-4F60-9D03-6EAAAD6CF8F0}.Debug|Any CPU.ActiveCfg = Debug|Any CPU
		{306BC2D2-ACB8-4F60-9D03-6EAAAD6CF8F0}.Debug|Any CPU.Build.0 = Debug|Any CPU
		{306BC2D2-ACB8-4F60-9D03-6EAAAD6CF8F0}.Release|Any CPU.ActiveCfg = Release|Any CPU
		{306BC2D2-ACB8-4F60-9D03-6EAAAD6CF8F0}.Release|Any CPU.Build.0 = Release|Any CPU
	EndGlobalSection
	GlobalSection(SolutionProperties) = preSolution
		HideSolutionNode = FALSE
	EndGlobalSection
	GlobalSection(NestedProjects) = preSolution
		{921C0263-C56A-4332-897C-2107D0E0DDF2} = {B82C9F89-AD8F-473B-AA41-3061CD0FE9DF}
	EndGlobalSection
	GlobalSection(ExtensibilityGlobals) = postSolution
		SolutionGuid = {739B12D9-4F90-4F23-B6FE-D0A94CFB1608}
	EndGlobalSection
EndGlobal
