
Microsoft Visual Studio Solution File, Format Version 12.00
# Visual Studio Version 16
VisualStudioVersion = 16.0.30128.74
MinimumVisualStudioVersion = 10.0.40219.1
Project("{9A19103F-16F7-4668-BE54-9A1E7A4F7556}") = "Rin", "src\Rin\Rin.csproj", "{B9CDC00F-4AED-49D5-B4DC-6520FAF371CB}"
EndProject
Project("{9A19103F-16F7-4668-BE54-9A1E7A4F7556}") = "HelloRin", "samples\HelloRin\HelloRin.csproj", "{921C0263-C56A-4332-897C-2107D0E0DDF2}"
EndProject
Project("{2150E333-8FDC-42A3-9474-1A3956D46DE8}") = "Samples", "Samples", "{B82C9F89-AD8F-473B-AA41-3061CD0FE9DF}"
EndProject
Project("{9A19103F-16F7-4668-BE54-9A1E7A4F7556}") = "Rin.Mvc", "src\Rin.Mvc\Rin.Mvc.csproj", "{BDFF983D-4A01-4F65-BA97-45DB18B124D2}"
EndProject
Project("{9A19103F-16F7-4668-BE54-9A1E7A4F7556}") = "Rin.Storage.Redis", "src\Rin.Storage.Redis\Rin.Storage.Redis.csproj", "{306BC2D2-ACB8-4F60-9D03-6EAAAD6CF8F0}"
EndProject
Project("{2150E333-8FDC-42A3-9474-1A3956D46DE8}") = "Solution Items", "Solution Items", "{FFF7EB81-6AC3-4509-ACB5-502DECFAE084}"
	ProjectSection(SolutionItems) = preProject
		src\.editorconfig = src\.editorconfig
		Directory.Build.props = Directory.Build.props
	EndProjectSection
EndProject
Project("{2150E333-8FDC-42A3-9474-1A3956D46DE8}") = "GitHub Actions", "GitHub Actions", "{7BFF5E34-A85B-4B34-B0F8-676A081EC620}"
	ProjectSection(SolutionItems) = preProject
		.github\workflows\build.yml = .github\workflows\build.yml
		.github\workflows\release.yml = .github\workflows\release.yml
	EndProjectSection
EndProject
Project("{9A19103F-16F7-4668-BE54-9A1E7A4F7556}") = "Rin.Extensions.EntityFrameworkCore", "src\Rin.Extensions.EntityFrameworkCore\Rin.Extensions.EntityFrameworkCore.csproj", "{249517E0-1E18-4100-91F9-D6B200C911C0}"
EndProject
Project("{9A19103F-16F7-4668-BE54-9A1E7A4F7556}") = "Rin.Extensions.Log4NetAppender", "src\Rin.Extensions.Log4NetAppender\Rin.Extensions.Log4NetAppender.csproj", "{97666ECB-FD39-42CC-B896-5E20B89CE1EF}"
EndProject
Project("{FAE04EC0-301F-11D3-BF4B-00C04F79EFBC}") = "Rin.Extensions.MagicOnion", "src\Rin.Extensions.MagicOnion\Rin.Extensions.MagicOnion.csproj", "{F73CA06F-80DB-46B4-AEAB-A01AA6311C2B}"
EndProject
Project("{001C71B0-2657-479C-82E3-5888F4CB727A}") = "Rin.Extensions.Serilog.Sink", "src\Rin.Extensions.Serilog.Sink\Rin.Extensions.Serilog.Sink.csproj", "{92012EED-64AD-46BE-908E-79B98FDE483B}"
EndProject
Global
	GlobalSection(SolutionConfigurationPlatforms) = preSolution
		Debug|Any CPU = Debug|Any CPU
		Release|Any CPU = Release|Any CPU
	EndGlobalSection
	GlobalSection(ProjectConfigurationPlatforms) = postSolution
		{B9CDC00F-4AED-49D5-B4DC-6520FAF371CB}.Debug|Any CPU.ActiveCfg = Debug|Any CPU
		{B9CDC00F-4AED-49D5-B4DC-6520FAF371CB}.Debug|Any CPU.Build.0 = Debug|Any CPU
		{B9CDC00F-4AED-49D5-B4DC-6520FAF371CB}.Release|Any CPU.ActiveCfg = Release|Any CPU
		{B9CDC00F-4AED-49D5-B4DC-6520FAF371CB}.Release|Any CPU.Build.0 = Release|Any CPU
		{921C0263-C56A-4332-897C-2107D0E0DDF2}.Debug|Any CPU.ActiveCfg = Debug|Any CPU
		{921C0263-C56A-4332-897C-2107D0E0DDF2}.Debug|Any CPU.Build.0 = Debug|Any CPU
		{921C0263-C56A-4332-897C-2107D0E0DDF2}.Release|Any CPU.ActiveCfg = Release|Any CPU
		{921C0263-C56A-4332-897C-2107D0E0DDF2}.Release|Any CPU.Build.0 = Release|Any CPU
		{BDFF983D-4A01-4F65-BA97-45DB18B124D2}.Debug|Any CPU.ActiveCfg = Debug|Any CPU
		{BDFF983D-4A01-4F65-BA97-45DB18B124D2}.Debug|Any CPU.Build.0 = Debug|Any CPU
		{BDFF983D-4A01-4F65-BA97-45DB18B124D2}.Release|Any CPU.ActiveCfg = Release|Any CPU
		{BDFF983D-4A01-4F65-BA97-45DB18B124D2}.Release|Any CPU.Build.0 = Release|Any CPU
		{306BC2D2-ACB8-4F60-9D03-6EAAAD6CF8F0}.Debug|Any CPU.ActiveCfg = Debug|Any CPU
		{306BC2D2-ACB8-4F60-9D03-6EAAAD6CF8F0}.Debug|Any CPU.Build.0 = Debug|Any CPU
		{306BC2D2-ACB8-4F60-9D03-6EAAAD6CF8F0}.Release|Any CPU.ActiveCfg = Release|Any CPU
		{306BC2D2-ACB8-4F60-9D03-6EAAAD6CF8F0}.Release|Any CPU.Build.0 = Release|Any CPU
		{249517E0-1E18-4100-91F9-D6B200C911C0}.Debug|Any CPU.ActiveCfg = Debug|Any CPU
		{249517E0-1E18-4100-91F9-D6B200C911C0}.Debug|Any CPU.Build.0 = Debug|Any CPU
		{249517E0-1E18-4100-91F9-D6B200C911C0}.Release|Any CPU.ActiveCfg = Release|Any CPU
		{249517E0-1E18-4100-91F9-D6B200C911C0}.Release|Any CPU.Build.0 = Release|Any CPU
		{97666ECB-FD39-42CC-B896-5E20B89CE1EF}.Debug|Any CPU.ActiveCfg = Debug|Any CPU
		{97666ECB-FD39-42CC-B896-5E20B89CE1EF}.Debug|Any CPU.Build.0 = Debug|Any CPU
		{97666ECB-FD39-42CC-B896-5E20B89CE1EF}.Release|Any CPU.ActiveCfg = Release|Any CPU
		{97666ECB-FD39-42CC-B896-5E20B89CE1EF}.Release|Any CPU.Build.0 = Release|Any CPU
		{F73CA06F-80DB-46B4-AEAB-A01AA6311C2B}.Debug|Any CPU.ActiveCfg = Debug|Any CPU
		{F73CA06F-80DB-46B4-AEAB-A01AA6311C2B}.Debug|Any CPU.Build.0 = Debug|Any CPU
		{F73CA06F-80DB-46B4-AEAB-A01AA6311C2B}.Release|Any CPU.ActiveCfg = Release|Any CPU
		{F73CA06F-80DB-46B4-AEAB-A01AA6311C2B}.Release|Any CPU.Build.0 = Release|Any CPU
		{92012EED-64AD-46BE-908E-79B98FDE483B}.Debug|Any CPU.ActiveCfg = Debug|Any CPU
		{92012EED-64AD-46BE-908E-79B98FDE483B}.Debug|Any CPU.Build.0 = Debug|Any CPU
		{92012EED-64AD-46BE-908E-79B98FDE483B}.Release|Any CPU.ActiveCfg = Release|Any CPU
		{92012EED-64AD-46BE-908E-79B98FDE483B}.Release|Any CPU.Build.0 = Release|Any CPU
	EndGlobalSection
	GlobalSection(SolutionProperties) = preSolution
		HideSolutionNode = FALSE
	EndGlobalSection
	GlobalSection(NestedProjects) = preSolution
		{921C0263-C56A-4332-897C-2107D0E0DDF2} = {B82C9F89-AD8F-473B-AA41-3061CD0FE9DF}
		{7BFF5E34-A85B-4B34-B0F8-676A081EC620} = {FFF7EB81-6AC3-4509-ACB5-502DECFAE084}
	EndGlobalSection
	GlobalSection(ExtensibilityGlobals) = postSolution
		SolutionGuid = {739B12D9-4F90-4F23-B6FE-D0A94CFB1608}
	EndGlobalSection
EndGlobal
